
Microsoft Visual Studio Solution File, Format Version 12.00
# Visual Studio Version 16
VisualStudioVersion = 16.0.29709.97
MinimumVisualStudioVersion = 10.0.40219.1
Project("{FAE04EC0-301F-11D3-BF4B-00C04F79EFBC}") = "weatherapi", "weatherapi\weatherapi.csproj", "{3EE56B47-B800-45E4-9B0D-689F9CA0FAAF}"
EndProject
Global
	GlobalSection(SolutionConfigurationPlatforms) = preSolution
		Debug|Any CPU = Debug|Any CPU
		Release|Any CPU = Release|Any CPU
	EndGlobalSection
	GlobalSection(ProjectConfigurationPlatforms) = postSolution
		{3EE56B47-B800-45E4-9B0D-689F9CA0FAAF}.Debug|Any CPU.ActiveCfg = Debug|Any CPU
		{3EE56B47-B800-45E4-9B0D-689F9CA0FAAF}.Debug|Any CPU.Build.0 = Debug|Any CPU
		{3EE56B47-B800-45E4-9B0D-689F9CA0FAAF}.Release|Any CPU.ActiveCfg = Release|Any CPU
		{3EE56B47-B800-45E4-9B0D-689F9CA0FAAF}.Release|Any CPU.Build.0 = Release|Any CPU
	EndGlobalSection
	GlobalSection(SolutionProperties) = preSolution
		HideSolutionNode = FALSE
	EndGlobalSection
	GlobalSection(ExtensibilityGlobals) = postSolution
		SolutionGuid = {0447F0B5-7DF6-4BBB-97EB-DDD990488A59}
	EndGlobalSection
EndGlobal
